
Microsoft Visual Studio Solution File, Format Version 12.00
# Visual Studio Version 17
VisualStudioVersion = 17.11.35222.181
MinimumVisualStudioVersion = 10.0.40219.1
Project("{FAE04EC0-301F-11D3-BF4B-00C04F79EFBC}") = "C01", "C01\C01.csproj", "{2645E1FE-A294-4060-B7FB-CF516B7BC136}"
EndProject
Global
	GlobalSection(SolutionConfigurationPlatforms) = preSolution
		Debug|Any CPU = Debug|Any CPU
		Release|Any CPU = Release|Any CPU
	EndGlobalSection
	GlobalSection(ProjectConfigurationPlatforms) = postSolution
		{2645E1FE-A294-4060-B7FB-CF516B7BC136}.Debug|Any CPU.ActiveCfg = Debug|Any CPU
		{2645E1FE-A294-4060-B7FB-CF516B7BC136}.Debug|Any CPU.Build.0 = Debug|Any CPU
		{2645E1FE-A294-4060-B7FB-CF516B7BC136}.Release|Any CPU.ActiveCfg = Release|Any CPU
		{2645E1FE-A294-4060-B7FB-CF516B7BC136}.Release|Any CPU.Build.0 = Release|Any CPU
	EndGlobalSection
	GlobalSection(SolutionProperties) = preSolution
		HideSolutionNode = FALSE
	EndGlobalSection
	GlobalSection(ExtensibilityGlobals) = postSolution
		SolutionGuid = {B552710B-F7A3-404E-9D1A-BD5567442B98}
	EndGlobalSection
EndGlobal
